
Microsoft Visual Studio Solution File, Format Version 12.00
# Visual Studio 15
Project("{FAE04EC0-301F-11D3-BF4B-00C04F79EFBC}") = "Assembly-CSharp-firstpass", "Assembly-CSharp-firstpass.csproj", "{723A0B4F-D31E-EB1C-5A0B-D715D03C7C85}"
EndProject
Project("{FAE04EC0-301F-11D3-BF4B-00C04F79EFBC}") = "Assembly-CSharp", "Assembly-CSharp.csproj", "{9521920E-A3D1-01C8-0D29-8FF8E759F64F}"
EndProject
Project("{FAE04EC0-301F-11D3-BF4B-00C04F79EFBC}") = "Assembly-CSharp-Editor-firstpass", "Assembly-CSharp-Editor-firstpass.csproj", "{C7A4F157-1CE7-224E-6D35-4D3992D59FB9}"
EndProject
Global
	GlobalSection(SolutionConfigurationPlatforms) = preSolution
		Debug|Any CPU = Debug|Any CPU
		Release|Any CPU = Release|Any CPU
	EndGlobalSection
	GlobalSection(ProjectConfigurationPlatforms) = postSolution
		{723A0B4F-D31E-EB1C-5A0B-D715D03C7C85}.Debug|Any CPU.ActiveCfg = Debug|Any CPU
		{723A0B4F-D31E-EB1C-5A0B-D715D03C7C85}.Debug|Any CPU.Build.0 = Debug|Any CPU
		{723A0B4F-D31E-EB1C-5A0B-D715D03C7C85}.Release|Any CPU.ActiveCfg = Release|Any CPU
		{723A0B4F-D31E-EB1C-5A0B-D715D03C7C85}.Release|Any CPU.Build.0 = Release|Any CPU
		{9521920E-A3D1-01C8-0D29-8FF8E759F64F}.Debug|Any CPU.ActiveCfg = Debug|Any CPU
		{9521920E-A3D1-01C8-0D29-8FF8E759F64F}.Debug|Any CPU.Build.0 = Debug|Any CPU
		{9521920E-A3D1-01C8-0D29-8FF8E759F64F}.Release|Any CPU.ActiveCfg = Release|Any CPU
		{9521920E-A3D1-01C8-0D29-8FF8E759F64F}.Release|Any CPU.Build.0 = Release|Any CPU
		{C7A4F157-1CE7-224E-6D35-4D3992D59FB9}.Debug|Any CPU.ActiveCfg = Debug|Any CPU
		{C7A4F157-1CE7-224E-6D35-4D3992D59FB9}.Debug|Any CPU.Build.0 = Debug|Any CPU
		{C7A4F157-1CE7-224E-6D35-4D3992D59FB9}.Release|Any CPU.ActiveCfg = Release|Any CPU
		{C7A4F157-1CE7-224E-6D35-4D3992D59FB9}.Release|Any CPU.Build.0 = Release|Any CPU
	EndGlobalSection
	GlobalSection(SolutionProperties) = preSolution
		HideSolutionNode = FALSE
	EndGlobalSection
EndGlobal
